
Microsoft Visual Studio Solution File, Format Version 12.00
# Visual Studio 15
Project("{FAE04EC0-301F-11D3-BF4B-00C04F79EFBC}") = "SelectionsStatement", "SelectionsStatement\SelectionsStatement.csproj", "{703BBD49-E977-4905-9EA1-E5CA5388BA27}"
EndProject
Global
	GlobalSection(SolutionConfigurationPlatforms) = preSolution
		Debug|Any CPU = Debug|Any CPU
		Release|Any CPU = Release|Any CPU
	EndGlobalSection
	GlobalSection(ProjectConfigurationPlatforms) = postSolution
		{703BBD49-E977-4905-9EA1-E5CA5388BA27}.Debug|Any CPU.ActiveCfg = Debug|Any CPU
		{703BBD49-E977-4905-9EA1-E5CA5388BA27}.Debug|Any CPU.Build.0 = Debug|Any CPU
		{703BBD49-E977-4905-9EA1-E5CA5388BA27}.Release|Any CPU.ActiveCfg = Release|Any CPU
		{703BBD49-E977-4905-9EA1-E5CA5388BA27}.Release|Any CPU.Build.0 = Release|Any CPU
	EndGlobalSection
EndGlobal
